
Microsoft Visual Studio Solution File, Format Version 12.00
# Visual Studio Version 16
VisualStudioVersion = 16.0.31729.503
MinimumVisualStudioVersion = 10.0.40219.1
Project("{8BC9CEB8-8B4A-11D0-8D11-00A0C91BC942}") = "lab.6.2(1)", "lab.6.2(1)\lab.6.2(1).vcxproj", "{41CC0D5D-0ED0-40D8-8223-F4C1AED7CB6A}"
EndProject
Project("{8BC9CEB8-8B4A-11D0-8D11-00A0C91BC942}") = "ConsoleApplication1", "ConsoleApplication1\ConsoleApplication1.vcxproj", "{9A71A228-75CA-4413-8222-650915764816}"
EndProject
Global
	GlobalSection(SolutionConfigurationPlatforms) = preSolution
		Debug|x64 = Debug|x64
		Debug|x86 = Debug|x86
		Release|x64 = Release|x64
		Release|x86 = Release|x86
	EndGlobalSection
	GlobalSection(ProjectConfigurationPlatforms) = postSolution
		{41CC0D5D-0ED0-40D8-8223-F4C1AED7CB6A}.Debug|x64.ActiveCfg = Debug|x64
		{41CC0D5D-0ED0-40D8-8223-F4C1AED7CB6A}.Debug|x64.Build.0 = Debug|x64
		{41CC0D5D-0ED0-40D8-8223-F4C1AED7CB6A}.Debug|x86.ActiveCfg = Debug|Win32
		{41CC0D5D-0ED0-40D8-8223-F4C1AED7CB6A}.Debug|x86.Build.0 = Debug|Win32
		{41CC0D5D-0ED0-40D8-8223-F4C1AED7CB6A}.Release|x64.ActiveCfg = Release|x64
		{41CC0D5D-0ED0-40D8-8223-F4C1AED7CB6A}.Release|x64.Build.0 = Release|x64
		{41CC0D5D-0ED0-40D8-8223-F4C1AED7CB6A}.Release|x86.ActiveCfg = Release|Win32
		{41CC0D5D-0ED0-40D8-8223-F4C1AED7CB6A}.Release|x86.Build.0 = Release|Win32
		{9A71A228-75CA-4413-8222-650915764816}.Debug|x64.ActiveCfg = Debug|x64
		{9A71A228-75CA-4413-8222-650915764816}.Debug|x64.Build.0 = Debug|x64
		{9A71A228-75CA-4413-8222-650915764816}.Debug|x86.ActiveCfg = Debug|Win32
		{9A71A228-75CA-4413-8222-650915764816}.Debug|x86.Build.0 = Debug|Win32
		{9A71A228-75CA-4413-8222-650915764816}.Release|x64.ActiveCfg = Release|x64
		{9A71A228-75CA-4413-8222-650915764816}.Release|x64.Build.0 = Release|x64
		{9A71A228-75CA-4413-8222-650915764816}.Release|x86.ActiveCfg = Release|Win32
		{9A71A228-75CA-4413-8222-650915764816}.Release|x86.Build.0 = Release|Win32
	EndGlobalSection
	GlobalSection(SolutionProperties) = preSolution
		HideSolutionNode = FALSE
	EndGlobalSection
	GlobalSection(ExtensibilityGlobals) = postSolution
		SolutionGuid = {383AFF6E-81BE-4027-B0F9-FA18C0224483}
	EndGlobalSection
EndGlobal
